
Microsoft Visual Studio Solution File, Format Version 12.00
# Visual Studio 14
VisualStudioVersion = 14.0.25420.1
MinimumVisualStudioVersion = 10.0.40219.1
Project("{FAE04EC0-301F-11D3-BF4B-00C04F79EFBC}") = "Exam1-Resubmit", "Exam1-Resubmit\Exam1-Resubmit.csproj", "{4CF0F84E-8B39-4AE1-AD89-DD483EDD220A}"
EndProject
Project("{FAE04EC0-301F-11D3-BF4B-00C04F79EFBC}") = "Question-3", "Question-3\Question-3.csproj", "{79D2A3E7-CB07-4FDD-962E-277884F27859}"
EndProject
Global
	GlobalSection(SolutionConfigurationPlatforms) = preSolution
		Debug|Any CPU = Debug|Any CPU
		Release|Any CPU = Release|Any CPU
	EndGlobalSection
	GlobalSection(ProjectConfigurationPlatforms) = postSolution
		{4CF0F84E-8B39-4AE1-AD89-DD483EDD220A}.Debug|Any CPU.ActiveCfg = Debug|Any CPU
		{4CF0F84E-8B39-4AE1-AD89-DD483EDD220A}.Debug|Any CPU.Build.0 = Debug|Any CPU
		{4CF0F84E-8B39-4AE1-AD89-DD483EDD220A}.Release|Any CPU.ActiveCfg = Release|Any CPU
		{4CF0F84E-8B39-4AE1-AD89-DD483EDD220A}.Release|Any CPU.Build.0 = Release|Any CPU
		{79D2A3E7-CB07-4FDD-962E-277884F27859}.Debug|Any CPU.ActiveCfg = Debug|Any CPU
		{79D2A3E7-CB07-4FDD-962E-277884F27859}.Debug|Any CPU.Build.0 = Debug|Any CPU
		{79D2A3E7-CB07-4FDD-962E-277884F27859}.Release|Any CPU.ActiveCfg = Release|Any CPU
		{79D2A3E7-CB07-4FDD-962E-277884F27859}.Release|Any CPU.Build.0 = Release|Any CPU
	EndGlobalSection
	GlobalSection(SolutionProperties) = preSolution
		HideSolutionNode = FALSE
	EndGlobalSection
EndGlobal
